
Microsoft Visual Studio Solution File, Format Version 12.00
# Visual Studio Version 17
VisualStudioVersion = 17.4.33205.214
MinimumVisualStudioVersion = 10.0.40219.1
Project("{FAE04EC0-301F-11D3-BF4B-00C04F79EFBC}") = "Basicapplication", "Basicapplication\Basicapplication.csproj", "{2506B8C1-FC12-4452-86DC-0B2CAEB8632F}"
EndProject
Global
	GlobalSection(SolutionConfigurationPlatforms) = preSolution
		Debug|Any CPU = Debug|Any CPU
		Release|Any CPU = Release|Any CPU
	EndGlobalSection
	GlobalSection(ProjectConfigurationPlatforms) = postSolution
		{2506B8C1-FC12-4452-86DC-0B2CAEB8632F}.Debug|Any CPU.ActiveCfg = Debug|Any CPU
		{2506B8C1-FC12-4452-86DC-0B2CAEB8632F}.Debug|Any CPU.Build.0 = Debug|Any CPU
		{2506B8C1-FC12-4452-86DC-0B2CAEB8632F}.Release|Any CPU.ActiveCfg = Release|Any CPU
		{2506B8C1-FC12-4452-86DC-0B2CAEB8632F}.Release|Any CPU.Build.0 = Release|Any CPU
	EndGlobalSection
	GlobalSection(SolutionProperties) = preSolution
		HideSolutionNode = FALSE
	EndGlobalSection
	GlobalSection(ExtensibilityGlobals) = postSolution
		SolutionGuid = {ADFB28D1-A8B2-4092-A74F-FC53F8971A50}
	EndGlobalSection
EndGlobal
